
Microsoft Visual Studio Solution File, Format Version 12.00
# Visual Studio Version 17
VisualStudioVersion = 17.14.36119.2
MinimumVisualStudioVersion = 10.0.40219.1
Project("{FAE04EC0-301F-11D3-BF4B-00C04F79EFBC}") = "WebAppFreelanceMediaApi", "WebAppFreelanceMediaApi\WebAppFreelanceMediaApi.csproj", "{F6D9564D-9EC8-4CF5-B8B3-7F7BBD2FB304}"
EndProject
Project("{FAE04EC0-301F-11D3-BF4B-00C04F79EFBC}") = "WebAppFreelanceMediaApi.Data", "WebAppFreelanceMediaApi.Data\WebAppFreelanceMediaApi.Data.csproj", "{346FF89B-EF7F-4D90-9FE9-D1E89524CE98}"
EndProject
Project("{FAE04EC0-301F-11D3-BF4B-00C04F79EFBC}") = "WebAppFreelanceMediaApi.Domain", "WebAppFreelanceMediaApi.Domain\WebAppFreelanceMediaApi.Domain.csproj", "{AC1D1F4C-5D0D-4E79-A88B-B87D13FE6280}"
EndProject
Project("{FAE04EC0-301F-11D3-BF4B-00C04F79EFBC}") = "WebAppFreelanceMediaApi.Services", "WebAppFreelanceMediaApi.Services\WebAppFreelanceMediaApi.Services.csproj", "{654C28A9-1AD0-48E4-8CDB-FF435F08EDFF}"
EndProject
Global
	GlobalSection(SolutionConfigurationPlatforms) = preSolution
		Debug|Any CPU = Debug|Any CPU
		Release|Any CPU = Release|Any CPU
	EndGlobalSection
	GlobalSection(ProjectConfigurationPlatforms) = postSolution
		{F6D9564D-9EC8-4CF5-B8B3-7F7BBD2FB304}.Debug|Any CPU.ActiveCfg = Debug|Any CPU
		{F6D9564D-9EC8-4CF5-B8B3-7F7BBD2FB304}.Debug|Any CPU.Build.0 = Debug|Any CPU
		{F6D9564D-9EC8-4CF5-B8B3-7F7BBD2FB304}.Release|Any CPU.ActiveCfg = Release|Any CPU
		{F6D9564D-9EC8-4CF5-B8B3-7F7BBD2FB304}.Release|Any CPU.Build.0 = Release|Any CPU
		{346FF89B-EF7F-4D90-9FE9-D1E89524CE98}.Debug|Any CPU.ActiveCfg = Debug|Any CPU
		{346FF89B-EF7F-4D90-9FE9-D1E89524CE98}.Debug|Any CPU.Build.0 = Debug|Any CPU
		{346FF89B-EF7F-4D90-9FE9-D1E89524CE98}.Release|Any CPU.ActiveCfg = Release|Any CPU
		{346FF89B-EF7F-4D90-9FE9-D1E89524CE98}.Release|Any CPU.Build.0 = Release|Any CPU
		{AC1D1F4C-5D0D-4E79-A88B-B87D13FE6280}.Debug|Any CPU.ActiveCfg = Debug|Any CPU
		{AC1D1F4C-5D0D-4E79-A88B-B87D13FE6280}.Debug|Any CPU.Build.0 = Debug|Any CPU
		{AC1D1F4C-5D0D-4E79-A88B-B87D13FE6280}.Release|Any CPU.ActiveCfg = Release|Any CPU
		{AC1D1F4C-5D0D-4E79-A88B-B87D13FE6280}.Release|Any CPU.Build.0 = Release|Any CPU
		{654C28A9-1AD0-48E4-8CDB-FF435F08EDFF}.Debug|Any CPU.ActiveCfg = Debug|Any CPU
		{654C28A9-1AD0-48E4-8CDB-FF435F08EDFF}.Debug|Any CPU.Build.0 = Debug|Any CPU
		{654C28A9-1AD0-48E4-8CDB-FF435F08EDFF}.Release|Any CPU.ActiveCfg = Release|Any CPU
		{654C28A9-1AD0-48E4-8CDB-FF435F08EDFF}.Release|Any CPU.Build.0 = Release|Any CPU
	EndGlobalSection
	GlobalSection(SolutionProperties) = preSolution
		HideSolutionNode = FALSE
	EndGlobalSection
	GlobalSection(ExtensibilityGlobals) = postSolution
		SolutionGuid = {9E4C79C1-7CA0-41A6-BBB8-B48434B84B17}
	EndGlobalSection
EndGlobal
